// !$*UTF8*$!
{
	archiveVersion = 1;
	classes = {
	};
	objectVersion = 48;
	objects = {

/* Begin PBXBuildFile section */
		1E05352D1F48A92B00178462 /* UserDataService.swift in Sources */ = {isa = PBXBuildFile; fileRef = 1E05352C1F48A92B00178462 /* UserDataService.swift */; };
		1E05352F1F48BE4500178462 /* AvatarPickerVC.swift in Sources */ = {isa = PBXBuildFile; fileRef = 1E05352E1F48BE4500178462 /* AvatarPickerVC.swift */; };
		1E0535311F48F06F00178462 /* AvatarCell.swift in Sources */ = {isa = PBXBuildFile; fileRef = 1E0535301F48F06F00178462 /* AvatarCell.swift */; };
		1E1185F11F3FB17400083069 /* AppDelegate.swift in Sources */ = {isa = PBXBuildFile; fileRef = 1E1185F01F3FB17400083069 /* AppDelegate.swift */; };
		1E1185F61F3FB17400083069 /* Main.storyboard in Resources */ = {isa = PBXBuildFile; fileRef = 1E1185F41F3FB17400083069 /* Main.storyboard */; };
		1E1185F81F3FB17400083069 /* Assets.xcassets in Resources */ = {isa = PBXBuildFile; fileRef = 1E1185F71F3FB17400083069 /* Assets.xcassets */; };
		1E1185FB1F3FB17400083069 /* LaunchScreen.storyboard in Resources */ = {isa = PBXBuildFile; fileRef = 1E1185F91F3FB17400083069 /* LaunchScreen.storyboard */; };
		1E11860A1F3FBF1F00083069 /* ChatVC.swift in Sources */ = {isa = PBXBuildFile; fileRef = 1E1186091F3FBF1F00083069 /* ChatVC.swift */; };
		1E11860C1F3FBF2E00083069 /* ChannelVC.swift in Sources */ = {isa = PBXBuildFile; fileRef = 1E11860B1F3FBF2E00083069 /* ChannelVC.swift */; };
		1E11860D1F3FC59C00083069 /* SWRevealViewController.m in Sources */ = {isa = PBXBuildFile; fileRef = 1E1186041F3FBC4A00083069 /* SWRevealViewController.m */; };
		1E11860F1F3FCEBC00083069 /* GradientView.swift in Sources */ = {isa = PBXBuildFile; fileRef = 1E11860E1F3FCEBC00083069 /* GradientView.swift */; };
		1E1186121F3FDEB300083069 /* Constants.swift in Sources */ = {isa = PBXBuildFile; fileRef = 1E1186111F3FDEB300083069 /* Constants.swift */; };
		1E1186141F3FE60C00083069 /* LoginVC.swift in Sources */ = {isa = PBXBuildFile; fileRef = 1E1186131F3FE60C00083069 /* LoginVC.swift */; };
		1E1186161F3FF22B00083069 /* CreateAccountVC.swift in Sources */ = {isa = PBXBuildFile; fileRef = 1E1186151F3FF22B00083069 /* CreateAccountVC.swift */; };
		1E179FF91F428D7B008A1A01 /* RoundedButton.swift in Sources */ = {isa = PBXBuildFile; fileRef = 1E179FF81F428D7B008A1A01 /* RoundedButton.swift */; };
		1E419D071F40FDD30039C009 /* AuthService.swift in Sources */ = {isa = PBXBuildFile; fileRef = 1E419D061F40FDD30039C009 /* AuthService.swift */; };
		4663E28924190FF92BB1AF0A /* Pods_Smack.framework in Frameworks */ = {isa = PBXBuildFile; fileRef = 95796375F856A6FA5B8C1880 /* Pods_Smack.framework */; };
/* End PBXBuildFile section */

/* Begin PBXFileReference section */
		1E05352C1F48A92B00178462 /* UserDataService.swift */ = {isa = PBXFileReference; lastKnownFileType = sourcecode.swift; path = UserDataService.swift; sourceTree = "<group>"; };
		1E05352E1F48BE4500178462 /* AvatarPickerVC.swift */ = {isa = PBXFileReference; lastKnownFileType = sourcecode.swift; path = AvatarPickerVC.swift; sourceTree = "<group>"; };
		1E0535301F48F06F00178462 /* AvatarCell.swift */ = {isa = PBXFileReference; lastKnownFileType = sourcecode.swift; path = AvatarCell.swift; sourceTree = "<group>"; };
		1E1185ED1F3FB17400083069 /* Smack.app */ = {isa = PBXFileReference; explicitFileType = wrapper.application; includeInIndex = 0; path = Smack.app; sourceTree = BUILT_PRODUCTS_DIR; };
		1E1185F01F3FB17400083069 /* AppDelegate.swift */ = {isa = PBXFileReference; lastKnownFileType = sourcecode.swift; path = AppDelegate.swift; sourceTree = "<group>"; };
		1E1185F51F3FB17400083069 /* Base */ = {isa = PBXFileReference; lastKnownFileType = file.storyboard; name = Base; path = Base.lproj/Main.storyboard; sourceTree = "<group>"; };
		1E1185F71F3FB17400083069 /* Assets.xcassets */ = {isa = PBXFileReference; lastKnownFileType = folder.assetcatalog; path = Assets.xcassets; sourceTree = "<group>"; };
		1E1185FA1F3FB17400083069 /* Base */ = {isa = PBXFileReference; lastKnownFileType = file.storyboard; name = Base; path = Base.lproj/LaunchScreen.storyboard; sourceTree = "<group>"; };
		1E1185FC1F3FB17400083069 /* Info.plist */ = {isa = PBXFileReference; lastKnownFileType = text.plist.xml; path = Info.plist; sourceTree = "<group>"; };
		1E1186031F3FBC4900083069 /* Smack-Bridging-Header.h */ = {isa = PBXFileReference; lastKnownFileType = sourcecode.c.h; path = "Smack-Bridging-Header.h"; sourceTree = "<group>"; };
		1E1186041F3FBC4A00083069 /* SWRevealViewController.m */ = {isa = PBXFileReference; lastKnownFileType = sourcecode.c.objc; path = SWRevealViewController.m; sourceTree = "<group>"; };
		1E1186051F3FBC4A00083069 /* SWRevealViewController.h */ = {isa = PBXFileReference; lastKnownFileType = sourcecode.c.h; path = SWRevealViewController.h; sourceTree = "<group>"; };
		1E1186091F3FBF1F00083069 /* ChatVC.swift */ = {isa = PBXFileReference; lastKnownFileType = sourcecode.swift; path = ChatVC.swift; sourceTree = "<group>"; };
		1E11860B1F3FBF2E00083069 /* ChannelVC.swift */ = {isa = PBXFileReference; lastKnownFileType = sourcecode.swift; path = ChannelVC.swift; sourceTree = "<group>"; };
		1E11860E1F3FCEBC00083069 /* GradientView.swift */ = {isa = PBXFileReference; lastKnownFileType = sourcecode.swift; path = GradientView.swift; sourceTree = "<group>"; };
		1E1186111F3FDEB300083069 /* Constants.swift */ = {isa = PBXFileReference; lastKnownFileType = sourcecode.swift; path = Constants.swift; sourceTree = "<group>"; };
		1E1186131F3FE60C00083069 /* LoginVC.swift */ = {isa = PBXFileReference; lastKnownFileType = sourcecode.swift; path = LoginVC.swift; sourceTree = "<group>"; };
		1E1186151F3FF22B00083069 /* CreateAccountVC.swift */ = {isa = PBXFileReference; lastKnownFileType = sourcecode.swift; path = CreateAccountVC.swift; sourceTree = "<group>"; };
		1E179FF81F428D7B008A1A01 /* RoundedButton.swift */ = {isa = PBXFileReference; lastKnownFileType = sourcecode.swift; path = RoundedButton.swift; sourceTree = "<group>"; };
		1E419D061F40FDD30039C009 /* AuthService.swift */ = {isa = PBXFileReference; lastKnownFileType = sourcecode.swift; path = AuthService.swift; sourceTree = "<group>"; };
		752A86C5FF95C389FAE62F20 /* Pods-Smack.debug.xcconfig */ = {isa = PBXFileReference; includeInIndex = 1; lastKnownFileType = text.xcconfig; name = "Pods-Smack.debug.xcconfig"; path = "Pods/Target Support Files/Pods-Smack/Pods-Smack.debug.xcconfig"; sourceTree = "<group>"; };
		95796375F856A6FA5B8C1880 /* Pods_Smack.framework */ = {isa = PBXFileReference; explicitFileType = wrapper.framework; includeInIndex = 0; path = Pods_Smack.framework; sourceTree = BUILT_PRODUCTS_DIR; };
		E93D84CB88AB7525FC87C8A4 /* Pods-Smack.release.xcconfig */ = {isa = PBXFileReference; includeInIndex = 1; lastKnownFileType = text.xcconfig; name = "Pods-Smack.release.xcconfig"; path = "Pods/Target Support Files/Pods-Smack/Pods-Smack.release.xcconfig"; sourceTree = "<group>"; };
/* End PBXFileReference section */

/* Begin PBXFrameworksBuildPhase section */
		1E1185EA1F3FB17400083069 /* Frameworks */ = {
			isa = PBXFrameworksBuildPhase;
			buildActionMask = 2147483647;
			files = (
				4663E28924190FF92BB1AF0A /* Pods_Smack.framework in Frameworks */,
			);
			runOnlyForDeploymentPostprocessing = 0;
		};
/* End PBXFrameworksBuildPhase section */

/* Begin PBXGroup section */
		1E1185E41F3FB17400083069 = {
			isa = PBXGroup;
			children = (
				1E1185EF1F3FB17400083069 /* Smack */,
				1E1185EE1F3FB17400083069 /* Products */,
				EDB0F58C39699E1B18399FEC /* Pods */,
				48A1A78765628CCDBB228E46 /* Frameworks */,
			);
			sourceTree = "<group>";
		};
		1E1185EE1F3FB17400083069 /* Products */ = {
			isa = PBXGroup;
			children = (
				1E1185ED1F3FB17400083069 /* Smack.app */,
			);
			name = Products;
			sourceTree = "<group>";
		};
		1E1185EF1F3FB17400083069 /* Smack */ = {
			isa = PBXGroup;
			children = (
				1E419D051F40FDBC0039C009 /* Services */,
				1E1186101F3FDE9C00083069 /* Utilities */,
				1E1186081F3FBEEB00083069 /* Model */,
				1E1186071F3FBEE200083069 /* View */,
				1E1186061F3FBED900083069 /* Controller */,
				1E1186021F3FBC2D00083069 /* Supporting files */,
				1E1185F01F3FB17400083069 /* AppDelegate.swift */,
				1E1185F41F3FB17400083069 /* Main.storyboard */,
				1E1185F71F3FB17400083069 /* Assets.xcassets */,
				1E1185F91F3FB17400083069 /* LaunchScreen.storyboard */,
				1E1185FC1F3FB17400083069 /* Info.plist */,
			);
			path = Smack;
			sourceTree = "<group>";
		};
		1E1186021F3FBC2D00083069 /* Supporting files */ = {
			isa = PBXGroup;
			children = (
				1E1186051F3FBC4A00083069 /* SWRevealViewController.h */,
				1E1186041F3FBC4A00083069 /* SWRevealViewController.m */,
				1E1186031F3FBC4900083069 /* Smack-Bridging-Header.h */,
			);
			path = "Supporting files";
			sourceTree = "<group>";
		};
		1E1186061F3FBED900083069 /* Controller */ = {
			isa = PBXGroup;
			children = (
				1E1186091F3FBF1F00083069 /* ChatVC.swift */,
				1E11860B1F3FBF2E00083069 /* ChannelVC.swift */,
				1E1186131F3FE60C00083069 /* LoginVC.swift */,
				1E1186151F3FF22B00083069 /* CreateAccountVC.swift */,
				1E05352E1F48BE4500178462 /* AvatarPickerVC.swift */,
			);
			path = Controller;
			sourceTree = "<group>";
		};
		1E1186071F3FBEE200083069 /* View */ = {
			isa = PBXGroup;
			children = (
				1E11860E1F3FCEBC00083069 /* GradientView.swift */,
				1E179FF81F428D7B008A1A01 /* RoundedButton.swift */,
				1E0535301F48F06F00178462 /* AvatarCell.swift */,
			);
			path = View;
			sourceTree = "<group>";
		};
		1E1186081F3FBEEB00083069 /* Model */ = {
			isa = PBXGroup;
			children = (
			);
			path = Model;
			sourceTree = "<group>";
		};
		1E1186101F3FDE9C00083069 /* Utilities */ = {
			isa = PBXGroup;
			children = (
				1E1186111F3FDEB300083069 /* Constants.swift */,
			);
			path = Utilities;
			sourceTree = "<group>";
		};
		1E419D051F40FDBC0039C009 /* Services */ = {
			isa = PBXGroup;
			children = (
				1E419D061F40FDD30039C009 /* AuthService.swift */,
				1E05352C1F48A92B00178462 /* UserDataService.swift */,
			);
			path = Services;
			sourceTree = "<group>";
		};
		48A1A78765628CCDBB228E46 /* Frameworks */ = {
			isa = PBXGroup;
			children = (
				95796375F856A6FA5B8C1880 /* Pods_Smack.framework */,
			);
			name = Frameworks;
			sourceTree = "<group>";
		};
		EDB0F58C39699E1B18399FEC /* Pods */ = {
			isa = PBXGroup;
			children = (
				752A86C5FF95C389FAE62F20 /* Pods-Smack.debug.xcconfig */,
				E93D84CB88AB7525FC87C8A4 /* Pods-Smack.release.xcconfig */,
			);
			name = Pods;
			sourceTree = "<group>";
		};
/* End PBXGroup section */

/* Begin PBXNativeTarget section */
		1E1185EC1F3FB17400083069 /* Smack */ = {
			isa = PBXNativeTarget;
			buildConfigurationList = 1E1185FF1F3FB17400083069 /* Build configuration list for PBXNativeTarget "Smack" */;
			buildPhases = (
				56DDDEA9E5A5930EDB53ECC7 /* [CP] Check Pods Manifest.lock */,
				1E1185E91F3FB17400083069 /* Sources */,
				1E1185EA1F3FB17400083069 /* Frameworks */,
				1E1185EB1F3FB17400083069 /* Resources */,
				181ACCB92DAFB1C870F77AB3 /* [CP] Embed Pods Frameworks */,
				BF2C2C717A092157041A1658 /* [CP] Copy Pods Resources */,
			);
			buildRules = (
			);
			dependencies = (
			);
			name = Smack;
			productName = Smack;
			productReference = 1E1185ED1F3FB17400083069 /* Smack.app */;
			productType = "com.apple.product-type.application";
		};
/* End PBXNativeTarget section */

/* Begin PBXProject section */
		1E1185E51F3FB17400083069 /* Project object */ = {
			isa = PBXProject;
			attributes = {
				LastSwiftUpdateCheck = 0900;
				LastUpgradeCheck = 0900;
				ORGANIZATIONNAME = "Johanna Romero";
				TargetAttributes = {
					1E1185EC1F3FB17400083069 = {
						CreatedOnToolsVersion = 9.0;
						LastSwiftMigration = 0900;
					};
				};
			};
			buildConfigurationList = 1E1185E81F3FB17400083069 /* Build configuration list for PBXProject "Smack" */;
			compatibilityVersion = "Xcode 8.0";
			developmentRegion = en;
			hasScannedForEncodings = 0;
			knownRegions = (
				en,
				Base,
			);
			mainGroup = 1E1185E41F3FB17400083069;
			productRefGroup = 1E1185EE1F3FB17400083069 /* Products */;
			projectDirPath = "";
			projectRoot = "";
			targets = (
				1E1185EC1F3FB17400083069 /* Smack */,
			);
		};
/* End PBXProject section */

/* Begin PBXResourcesBuildPhase section */
		1E1185EB1F3FB17400083069 /* Resources */ = {
			isa = PBXResourcesBuildPhase;
			buildActionMask = 2147483647;
			files = (
				1E1185FB1F3FB17400083069 /* LaunchScreen.storyboard in Resources */,
				1E1185F81F3FB17400083069 /* Assets.xcassets in Resources */,
				1E1185F61F3FB17400083069 /* Main.storyboard in Resources */,
			);
			runOnlyForDeploymentPostprocessing = 0;
		};
/* End PBXResourcesBuildPhase section */

/* Begin PBXShellScriptBuildPhase section */
		181ACCB92DAFB1C870F77AB3 /* [CP] Embed Pods Frameworks */ = {
			isa = PBXShellScriptBuildPhase;
			buildActionMask = 2147483647;
			files = (
			);
			inputPaths = (
			);
			name = "[CP] Embed Pods Frameworks";
			outputPaths = (
			);
			runOnlyForDeploymentPostprocessing = 0;
			shellPath = /bin/sh;
			shellScript = "\"${SRCROOT}/Pods/Target Support Files/Pods-Smack/Pods-Smack-frameworks.sh\"\n";
			showEnvVarsInLog = 0;
		};
		56DDDEA9E5A5930EDB53ECC7 /* [CP] Check Pods Manifest.lock */ = {
			isa = PBXShellScriptBuildPhase;
			buildActionMask = 2147483647;
			files = (
			);
			inputPaths = (
			);
			name = "[CP] Check Pods Manifest.lock";
			outputPaths = (
			);
			runOnlyForDeploymentPostprocessing = 0;
			shellPath = /bin/sh;
			shellScript = "diff \"${PODS_ROOT}/../Podfile.lock\" \"${PODS_ROOT}/Manifest.lock\" > /dev/null\nif [ $? != 0 ] ; then\n    # print error to STDERR\n    echo \"error: The sandbox is not in sync with the Podfile.lock. Run 'pod install' or update your CocoaPods installation.\" >&2\n    exit 1\nfi\n";
			showEnvVarsInLog = 0;
		};
		BF2C2C717A092157041A1658 /* [CP] Copy Pods Resources */ = {
			isa = PBXShellScriptBuildPhase;
			buildActionMask = 2147483647;
			files = (
			);
			inputPaths = (
			);
			name = "[CP] Copy Pods Resources";
			outputPaths = (
			);
			runOnlyForDeploymentPostprocessing = 0;
			shellPath = /bin/sh;
			shellScript = "\"${SRCROOT}/Pods/Target Support Files/Pods-Smack/Pods-Smack-resources.sh\"\n";
			showEnvVarsInLog = 0;
		};
/* End PBXShellScriptBuildPhase section */

/* Begin PBXSourcesBuildPhase section */
		1E1185E91F3FB17400083069 /* Sources */ = {
			isa = PBXSourcesBuildPhase;
			buildActionMask = 2147483647;
			files = (
				1E11860A1F3FBF1F00083069 /* ChatVC.swift in Sources */,
				1E05352F1F48BE4500178462 /* AvatarPickerVC.swift in Sources */,
				1E179FF91F428D7B008A1A01 /* RoundedButton.swift in Sources */,
				1E11860C1F3FBF2E00083069 /* ChannelVC.swift in Sources */,
				1E05352D1F48A92B00178462 /* UserDataService.swift in Sources */,
				1E1186161F3FF22B00083069 /* CreateAccountVC.swift in Sources */,
				1E419D071F40FDD30039C009 /* AuthService.swift in Sources */,
				1E1186141F3FE60C00083069 /* LoginVC.swift in Sources */,
				1E11860F1F3FCEBC00083069 /* GradientView.swift in Sources */,
				1E0535311F48F06F00178462 /* AvatarCell.swift in Sources */,
				1E1185F11F3FB17400083069 /* AppDelegate.swift in Sources */,
				1E11860D1F3FC59C00083069 /* SWRevealViewController.m in Sources */,
				1E1186121F3FDEB300083069 /* Constants.swift in Sources */,
			);
			runOnlyForDeploymentPostprocessing = 0;
		};
/* End PBXSourcesBuildPhase section */

/* Begin PBXVariantGroup section */
		1E1185F41F3FB17400083069 /* Main.storyboard */ = {
			isa = PBXVariantGroup;
			children = (
				1E1185F51F3FB17400083069 /* Base */,
			);
			name = Main.storyboard;
			sourceTree = "<group>";
		};
		1E1185F91F3FB17400083069 /* LaunchScreen.storyboard */ = {
			isa = PBXVariantGroup;
			children = (
				1E1185FA1F3FB17400083069 /* Base */,
			);
			name = LaunchScreen.storyboard;
			sourceTree = "<group>";
		};
/* End PBXVariantGroup section */

/* Begin XCBuildConfiguration section */
		1E1185FD1F3FB17400083069 /* Debug */ = {
			isa = XCBuildConfiguration;
			buildSettings = {
				ALWAYS_SEARCH_USER_PATHS = NO;
				CLANG_ANALYZER_NONNULL = YES;
				CLANG_ANALYZER_NUMBER_OBJECT_CONVERSION = YES_AGGRESSIVE;
				CLANG_CXX_LANGUAGE_STANDARD = "gnu++14";
				CLANG_CXX_LIBRARY = "libc++";
				CLANG_ENABLE_MODULES = YES;
				CLANG_ENABLE_OBJC_ARC = YES;
				CLANG_WARN_BLOCK_CAPTURE_AUTORELEASING = YES;
				CLANG_WARN_BOOL_CONVERSION = YES;
				CLANG_WARN_COMMA = YES;
				CLANG_WARN_CONSTANT_CONVERSION = YES;
				CLANG_WARN_DIRECT_OBJC_ISA_USAGE = YES_ERROR;
				CLANG_WARN_DOCUMENTATION_COMMENTS = YES;
				CLANG_WARN_EMPTY_BODY = YES;
				CLANG_WARN_ENUM_CONVERSION = YES;
				CLANG_WARN_INFINITE_RECURSION = YES;
				CLANG_WARN_INT_CONVERSION = YES;
				CLANG_WARN_NON_LITERAL_NULL_CONVERSION = YES;
				CLANG_WARN_OBJC_LITERAL_CONVERSION = YES;
				CLANG_WARN_OBJC_ROOT_CLASS = YES_ERROR;
				CLANG_WARN_RANGE_LOOP_ANALYSIS = YES;
				CLANG_WARN_STRICT_PROTOTYPES = YES;
				CLANG_WARN_SUSPICIOUS_MOVE = YES;
				CLANG_WARN_UNGUARDED_AVAILABILITY = YES_AGGRESSIVE;
				CLANG_WARN_UNREACHABLE_CODE = YES;
				CLANG_WARN__DUPLICATE_METHOD_MATCH = YES;
				CODE_SIGN_IDENTITY = "iPhone Developer";
				COPY_PHASE_STRIP = NO;
				DEBUG_INFORMATION_FORMAT = dwarf;
				ENABLE_STRICT_OBJC_MSGSEND = YES;
				ENABLE_TESTABILITY = YES;
				GCC_C_LANGUAGE_STANDARD = gnu11;
				GCC_DYNAMIC_NO_PIC = NO;
				GCC_NO_COMMON_BLOCKS = YES;
				GCC_OPTIMIZATION_LEVEL = 0;
				GCC_PREPROCESSOR_DEFINITIONS = (
					"DEBUG=1",
					"$(inherited)",
				);
				GCC_WARN_64_TO_32_BIT_CONVERSION = YES;
				GCC_WARN_ABOUT_RETURN_TYPE = YES_ERROR;
				GCC_WARN_UNDECLARED_SELECTOR = YES;
				GCC_WARN_UNINITIALIZED_AUTOS = YES_AGGRESSIVE;
				GCC_WARN_UNUSED_FUNCTION = YES;
				GCC_WARN_UNUSED_VARIABLE = YES;
				IPHONEOS_DEPLOYMENT_TARGET = 11.0;
				MTL_ENABLE_DEBUG_INFO = YES;
				ONLY_ACTIVE_ARCH = YES;
				SDKROOT = iphoneos;
				SWIFT_ACTIVE_COMPILATION_CONDITIONS = DEBUG;
				SWIFT_OPTIMIZATION_LEVEL = "-Onone";
			};
			name = Debug;
		};
		1E1185FE1F3FB17400083069 /* Release */ = {
			isa = XCBuildConfiguration;
			buildSettings = {
				ALWAYS_SEARCH_USER_PATHS = NO;
				CLANG_ANALYZER_NONNULL = YES;
				CLANG_ANALYZER_NUMBER_OBJECT_CONVERSION = YES_AGGRESSIVE;
				CLANG_CXX_LANGUAGE_STANDARD = "gnu++14";
				CLANG_CXX_LIBRARY = "libc++";
				CLANG_ENABLE_MODULES = YES;
				CLANG_ENABLE_OBJC_ARC = YES;
				CLANG_WARN_BLOCK_CAPTURE_AUTORELEASING = YES;
				CLANG_WARN_BOOL_CONVERSION = YES;
				CLANG_WARN_COMMA = YES;
				CLANG_WARN_CONSTANT_CONVERSION = YES;
				CLANG_WARN_DIRECT_OBJC_ISA_USAGE = YES_ERROR;
				CLANG_WARN_DOCUMENTATION_COMMENTS = YES;
				CLANG_WARN_EMPTY_BODY = YES;
				CLANG_WARN_ENUM_CONVERSION = YES;
				CLANG_WARN_INFINITE_RECURSION = YES;
				CLANG_WARN_INT_CONVERSION = YES;
				CLANG_WARN_NON_LITERAL_NULL_CONVERSION = YES;
				CLANG_WARN_OBJC_LITERAL_CONVERSION = YES;
				CLANG_WARN_OBJC_ROOT_CLASS = YES_ERROR;
				CLANG_WARN_RANGE_LOOP_ANALYSIS = YES;
				CLANG_WARN_STRICT_PROTOTYPES = YES;
				CLANG_WARN_SUSPICIOUS_MOVE = YES;
				CLANG_WARN_UNGUARDED_AVAILABILITY = YES_AGGRESSIVE;
				CLANG_WARN_UNREACHABLE_CODE = YES;
				CLANG_WARN__DUPLICATE_METHOD_MATCH = YES;
				CODE_SIGN_IDENTITY = "iPhone Developer";
				COPY_PHASE_STRIP = NO;
				DEBUG_INFORMATION_FORMAT = "dwarf-with-dsym";
				ENABLE_NS_ASSERTIONS = NO;
				ENABLE_STRICT_OBJC_MSGSEND = YES;
				GCC_C_LANGUAGE_STANDARD = gnu11;
				GCC_NO_COMMON_BLOCKS = YES;
				GCC_WARN_64_TO_32_BIT_CONVERSION = YES;
				GCC_WARN_ABOUT_RETURN_TYPE = YES_ERROR;
				GCC_WARN_UNDECLARED_SELECTOR = YES;
				GCC_WARN_UNINITIALIZED_AUTOS = YES_AGGRESSIVE;
				GCC_WARN_UNUSED_FUNCTION = YES;
				GCC_WARN_UNUSED_VARIABLE = YES;
				IPHONEOS_DEPLOYMENT_TARGET = 11.0;
				MTL_ENABLE_DEBUG_INFO = NO;
				SDKROOT = iphoneos;
				SWIFT_OPTIMIZATION_LEVEL = "-Owholemodule";
				VALIDATE_PRODUCT = YES;
			};
			name = Release;
		};
		1E1186001F3FB17400083069 /* Debug */ = {
			isa = XCBuildConfiguration;
			baseConfigurationReference = 752A86C5FF95C389FAE62F20 /* Pods-Smack.debug.xcconfig */;
			buildSettings = {
				ASSETCATALOG_COMPILER_APPICON_NAME = AppIcon;
				CLANG_ENABLE_MODULES = YES;
				DEVELOPMENT_TEAM = WXRS35QMK6;
				INFOPLIST_FILE = Smack/Info.plist;
				LD_RUNPATH_SEARCH_PATHS = "$(inherited) @executable_path/Frameworks";
				PRODUCT_BUNDLE_IDENTIFIER = com.johannaromero.Smack;
				PRODUCT_NAME = "$(TARGET_NAME)";
				SWIFT_OBJC_BRIDGING_HEADER = "./Smack/Supporting files/Smack-Bridging-Header.h";
				SWIFT_OPTIMIZATION_LEVEL = "-Onone";
				SWIFT_VERSION = 4.0;
				TARGETED_DEVICE_FAMILY = "1,2";
			};
			name = Debug;
		};
		1E1186011F3FB17400083069 /* Release */ = {
			isa = XCBuildConfiguration;
			baseConfigurationReference = E93D84CB88AB7525FC87C8A4 /* Pods-Smack.release.xcconfig */;
			buildSettings = {
				ASSETCATALOG_COMPILER_APPICON_NAME = AppIcon;
				CLANG_ENABLE_MODULES = YES;
				DEVELOPMENT_TEAM = WXRS35QMK6;
				INFOPLIST_FILE = Smack/Info.plist;
				LD_RUNPATH_SEARCH_PATHS = "$(inherited) @executable_path/Frameworks";
				PRODUCT_BUNDLE_IDENTIFIER = com.johannaromero.Smack;
				PRODUCT_NAME = "$(TARGET_NAME)";
				SWIFT_OBJC_BRIDGING_HEADER = "./Smack/Supporting files/Smack-Bridging-Header.h";
				SWIFT_VERSION = 4.0;
				TARGETED_DEVICE_FAMILY = "1,2";
			};
			name = Release;
		};
/* End XCBuildConfiguration section */

/* Begin XCConfigurationList section */
		1E1185E81F3FB17400083069 /* Build configuration list for PBXProject "Smack" */ = {
			isa = XCConfigurationList;
			buildConfigurations = (
				1E1185FD1F3FB17400083069 /* Debug */,
				1E1185FE1F3FB17400083069 /* Release */,
			);
			defaultConfigurationIsVisible = 0;
			defaultConfigurationName = Release;
		};
		1E1185FF1F3FB17400083069 /* Build configuration list for PBXNativeTarget "Smack" */ = {
			isa = XCConfigurationList;
			buildConfigurations = (
				1E1186001F3FB17400083069 /* Debug */,
				1E1186011F3FB17400083069 /* Release */,
			);
			defaultConfigurationIsVisible = 0;
			defaultConfigurationName = Release;
		};
/* End XCConfigurationList section */
	};
	rootObject = 1E1185E51F3FB17400083069 /* Project object */;
}
